
Microsoft Visual Studio Solution File, Format Version 12.00
# Visual Studio Version 16
VisualStudioVersion = 16.0.31613.86
MinimumVisualStudioVersion = 10.0.40219.1
Project("{FAE04EC0-301F-11D3-BF4B-00C04F79EFBC}") = "Data", "Data\Data.csproj", "{5EFF2FDA-4543-47BC-8822-79E7D802FCB7}"
EndProject
Project("{FAE04EC0-301F-11D3-BF4B-00C04F79EFBC}") = "API", "API\API.csproj", "{31670665-84C9-443B-A378-7649789C98A0}"
EndProject
Project("{FAE04EC0-301F-11D3-BF4B-00C04F79EFBC}") = "RabbitMq", "RabbitMq\RabbitMq.csproj", "{27EFDB61-1D2F-42C5-9619-A1F99F24A53F}"
EndProject
Global
	GlobalSection(SolutionConfigurationPlatforms) = preSolution
		Debug|Any CPU = Debug|Any CPU
		Release|Any CPU = Release|Any CPU
	EndGlobalSection
	GlobalSection(ProjectConfigurationPlatforms) = postSolution
		{5EFF2FDA-4543-47BC-8822-79E7D802FCB7}.Debug|Any CPU.ActiveCfg = Debug|Any CPU
		{5EFF2FDA-4543-47BC-8822-79E7D802FCB7}.Debug|Any CPU.Build.0 = Debug|Any CPU
		{5EFF2FDA-4543-47BC-8822-79E7D802FCB7}.Release|Any CPU.ActiveCfg = Release|Any CPU
		{5EFF2FDA-4543-47BC-8822-79E7D802FCB7}.Release|Any CPU.Build.0 = Release|Any CPU
		{31670665-84C9-443B-A378-7649789C98A0}.Debug|Any CPU.ActiveCfg = Debug|Any CPU
		{31670665-84C9-443B-A378-7649789C98A0}.Debug|Any CPU.Build.0 = Debug|Any CPU
		{31670665-84C9-443B-A378-7649789C98A0}.Release|Any CPU.ActiveCfg = Release|Any CPU
		{31670665-84C9-443B-A378-7649789C98A0}.Release|Any CPU.Build.0 = Release|Any CPU
		{27EFDB61-1D2F-42C5-9619-A1F99F24A53F}.Debug|Any CPU.ActiveCfg = Debug|Any CPU
		{27EFDB61-1D2F-42C5-9619-A1F99F24A53F}.Debug|Any CPU.Build.0 = Debug|Any CPU
		{27EFDB61-1D2F-42C5-9619-A1F99F24A53F}.Release|Any CPU.ActiveCfg = Release|Any CPU
		{27EFDB61-1D2F-42C5-9619-A1F99F24A53F}.Release|Any CPU.Build.0 = Release|Any CPU
	EndGlobalSection
	GlobalSection(SolutionProperties) = preSolution
		HideSolutionNode = FALSE
	EndGlobalSection
	GlobalSection(ExtensibilityGlobals) = postSolution
		SolutionGuid = {D2896F77-3686-4627-9519-B8BDF2E6A75B}
	EndGlobalSection
EndGlobal
